// !$*UTF8*$!
{
	archiveVersion = 1;
	classes = {
	};
	objectVersion = 56;
	objects = {

/* Begin PBXBuildFile section */
		2C06BC1D28DD469F00FDBE28 /* VocaltaleApp.swift in Sources */ = {isa = PBXBuildFile; fileRef = 2C06BC1C28DD469F00FDBE28 /* VocaltaleApp.swift */; };
		2C06BC1F28DD469F00FDBE28 /* ContentView.swift in Sources */ = {isa = PBXBuildFile; fileRef = 2C06BC1E28DD469F00FDBE28 /* ContentView.swift */; };
		2C06BC2128DD46A000FDBE28 /* Assets.xcassets in Resources */ = {isa = PBXBuildFile; fileRef = 2C06BC2028DD46A000FDBE28 /* Assets.xcassets */; };
		2C06BC2428DD46A000FDBE28 /* Preview Assets.xcassets in Resources */ = {isa = PBXBuildFile; fileRef = 2C06BC2328DD46A000FDBE28 /* Preview Assets.xcassets */; };
		2C06BC2F28DD46A000FDBE28 /* VocaltaleTests.swift in Sources */ = {isa = PBXBuildFile; fileRef = 2C06BC2E28DD46A000FDBE28 /* VocaltaleTests.swift */; };
		2C06BC3928DD46A000FDBE28 /* VocaltaleUITests.swift in Sources */ = {isa = PBXBuildFile; fileRef = 2C06BC3828DD46A000FDBE28 /* VocaltaleUITests.swift */; };
		2C06BC3B28DD46A000FDBE28 /* VocaltaleUITestsLaunchTests.swift in Sources */ = {isa = PBXBuildFile; fileRef = 2C06BC3A28DD46A000FDBE28 /* VocaltaleUITestsLaunchTests.swift */; };
		2C0E014628FEB8B100893016 /* AlbumContextMenu.swift in Sources */ = {isa = PBXBuildFile; fileRef = 2C0E014528FEB8B100893016 /* AlbumContextMenu.swift */; };
		2C0F237028F6A0C40059D223 /* VisualEffectView.swift in Sources */ = {isa = PBXBuildFile; fileRef = 2C0F236F28F6A0C40059D223 /* VisualEffectView.swift */; };
		2C0F237228F6C5F00059D223 /* ControlButtons.swift in Sources */ = {isa = PBXBuildFile; fileRef = 2C0F237128F6C5F00059D223 /* ControlButtons.swift */; };
		2C17A9D329023A5200BAE670 /* ModalView.swift in Sources */ = {isa = PBXBuildFile; fileRef = 2C17A9D229023A5200BAE670 /* ModalView.swift */; };
		2C17A9D529025F6400BAE670 /* AlbumCardView.swift in Sources */ = {isa = PBXBuildFile; fileRef = 2C17A9D429025F6400BAE670 /* AlbumCardView.swift */; };
		2C1919F1290B947700CCB989 /* View+Extension.swift in Sources */ = {isa = PBXBuildFile; fileRef = 2C1919F0290B947700CCB989 /* View+Extension.swift */; };
		2C281C3E28F2AE1000C8FC1A /* AlbumView.swift in Sources */ = {isa = PBXBuildFile; fileRef = 2C281C3D28F2AE1000C8FC1A /* AlbumView.swift */; };
		2C281C4028F2C3F400C8FC1A /* TrackListItem.swift in Sources */ = {isa = PBXBuildFile; fileRef = 2C281C3F28F2C3F400C8FC1A /* TrackListItem.swift */; };
		2C281C4228F2CA6F00C8FC1A /* AudioPlaybackRepository.swift in Sources */ = {isa = PBXBuildFile; fileRef = 2C281C4128F2CA6F00C8FC1A /* AudioPlaybackRepository.swift */; };
		2C281C4428F2D68200C8FC1A /* AudioPlayerPanel.swift in Sources */ = {isa = PBXBuildFile; fileRef = 2C281C4328F2D68200C8FC1A /* AudioPlayerPanel.swift */; };
		2C281C4628F2E62600C8FC1A /* AudioDevice.swift in Sources */ = {isa = PBXBuildFile; fileRef = 2C281C4528F2E62600C8FC1A /* AudioDevice.swift */; };
		2C281C4A28F3A39C00C8FC1A /* AlbumListContentView.swift in Sources */ = {isa = PBXBuildFile; fileRef = 2C281C4928F3A39C00C8FC1A /* AlbumListContentView.swift */; };
		2C281C4E28F3BE5300C8FC1A /* AlbumSidebarTitle.swift in Sources */ = {isa = PBXBuildFile; fileRef = 2C281C4D28F3BE5300C8FC1A /* AlbumSidebarTitle.swift */; };
		2C281C5028F3BEE900C8FC1A /* LibrarySidebarView.swift in Sources */ = {isa = PBXBuildFile; fileRef = 2C281C4F28F3BEE900C8FC1A /* LibrarySidebarView.swift */; };
		2C281C8828F50ECB00C8FC1A /* WindowRepository.swift in Sources */ = {isa = PBXBuildFile; fileRef = 2C281C8728F50ECB00C8FC1A /* WindowRepository.swift */; };
		2C281C8A28F5285400C8FC1A /* DraggableTimeline.swift in Sources */ = {isa = PBXBuildFile; fileRef = 2C281C8928F5285400C8FC1A /* DraggableTimeline.swift */; };
		2C2EE23A2902949500530E8D /* AlbumCardListViewMixins.swift in Sources */ = {isa = PBXBuildFile; fileRef = 2C2EE2392902949500530E8D /* AlbumCardListViewMixins.swift */; };
		2C2EE23E2902BC0100530E8D /* CircularProgressView.swift in Sources */ = {isa = PBXBuildFile; fileRef = 2C2EE23D2902BC0100530E8D /* CircularProgressView.swift */; };
		2C3DCE8F28E998690044717A /* FileRepository.swift in Sources */ = {isa = PBXBuildFile; fileRef = 2C3DCE8E28E998690044717A /* FileRepository.swift */; };
		2C3DCE9128E998F70044717A /* AudioRawData.swift in Sources */ = {isa = PBXBuildFile; fileRef = 2C3DCE9028E998F70044717A /* AudioRawData.swift */; };
		2C3DCE9328E99B190044717A /* FileError.swift in Sources */ = {isa = PBXBuildFile; fileRef = 2C3DCE9228E99B190044717A /* FileError.swift */; };
		2C449222297E9472008A16B0 /* AudioFile.swift in Sources */ = {isa = PBXBuildFile; fileRef = 2C449221297E9472008A16B0 /* AudioFile.swift */; };
		2C5D57AF28EA567F00C06D69 /* SidebarCategory.swift in Sources */ = {isa = PBXBuildFile; fileRef = 2C5D57AE28EA567F00C06D69 /* SidebarCategory.swift */; };
		2C69E3F528E3E42000F94C45 /* AlbumSidebarView.swift in Sources */ = {isa = PBXBuildFile; fileRef = 2C69E3F428E3E42000F94C45 /* AlbumSidebarView.swift */; };
		2C69E3F728E3E46C00F94C45 /* Album.swift in Sources */ = {isa = PBXBuildFile; fileRef = 2C69E3F628E3E46C00F94C45 /* Album.swift */; };
		2C69E3F928E3E53F00F94C45 /* Track.swift in Sources */ = {isa = PBXBuildFile; fileRef = 2C69E3F828E3E53F00F94C45 /* Track.swift */; };
		2C69E3FB28E3E94D00F94C45 /* AlbumContentView.swift in Sources */ = {isa = PBXBuildFile; fileRef = 2C69E3FA28E3E94D00F94C45 /* AlbumContentView.swift */; };
		2C69E40028E3EB7800F94C45 /* Artist.swift in Sources */ = {isa = PBXBuildFile; fileRef = 2C69E3FF28E3EB7800F94C45 /* Artist.swift */; };
		2C69E40228E406C700F94C45 /* URL+Extension.swift in Sources */ = {isa = PBXBuildFile; fileRef = 2C69E40128E406C700F94C45 /* URL+Extension.swift */; };
		2C817D0C28E975A300342F56 /* FileService.swift in Sources */ = {isa = PBXBuildFile; fileRef = 2C817D0B28E975A300342F56 /* FileService.swift */; };
		2C8C4006299E263C002A5BD4 /* ArtworkIcon.swift in Sources */ = {isa = PBXBuildFile; fileRef = 2C8C4005299E263C002A5BD4 /* ArtworkIcon.swift */; };
		2C8FED7C28E40E9C00E0E586 /* VocaltaleDocument.swift in Sources */ = {isa = PBXBuildFile; fileRef = 2C8FED7B28E40E9C00E0E586 /* VocaltaleDocument.swift */; };
		2C9B2D8228F5546D00938EB8 /* Image+Extension.swift in Sources */ = {isa = PBXBuildFile; fileRef = 2C9B2D8128F5546D00938EB8 /* Image+Extension.swift */; };
		2CAE8BD328E51A2600E82F04 /* TrackFormats.swift in Sources */ = {isa = PBXBuildFile; fileRef = 2CAE8BD228E51A2600E82F04 /* TrackFormats.swift */; };
		2CAE8BD728E53ED000E82F04 /* LibrarySidebarTitle.swift in Sources */ = {isa = PBXBuildFile; fileRef = 2CAE8BD628E53ED000E82F04 /* LibrarySidebarTitle.swift */; };
		2CDAA36228FA2A8500A43154 /* SearchSidebarView.swift in Sources */ = {isa = PBXBuildFile; fileRef = 2CDAA36128FA2A8500A43154 /* SearchSidebarView.swift */; };
		2CDAA36428FA307D00A43154 /* SearchContentView.swift in Sources */ = {isa = PBXBuildFile; fileRef = 2CDAA36328FA307D00A43154 /* SearchContentView.swift */; };
		2CDAA36628FA612100A43154 /* MouseEventView.swift in Sources */ = {isa = PBXBuildFile; fileRef = 2CDAA36528FA612100A43154 /* MouseEventView.swift */; };
		2CDAA36828FA6DC400A43154 /* ContextMenuButton.swift in Sources */ = {isa = PBXBuildFile; fileRef = 2CDAA36728FA6DC400A43154 /* ContextMenuButton.swift */; };
		2CDECDAA2998ECAB0013A572 /* Views.swift in Sources */ = {isa = PBXBuildFile; fileRef = 2CDECDA92998ECAB0013A572 /* Views.swift */; };
		2CF0A16328E29E0C0030999B /* Library.swift in Sources */ = {isa = PBXBuildFile; fileRef = 2CF0A16228E29E0C0030999B /* Library.swift */; };
		2CF0A16628E2A6380030999B /* SQLKit in Frameworks */ = {isa = PBXBuildFile; productRef = 2CF0A16528E2A6380030999B /* SQLKit */; };
		2CF0A16D28E2A7590030999B /* LibraryRepository.swift in Sources */ = {isa = PBXBuildFile; fileRef = 2CF0A16C28E2A7590030999B /* LibraryRepository.swift */; };
		2CF0A17728E2B21D0030999B /* SystemError.swift in Sources */ = {isa = PBXBuildFile; fileRef = 2CF0A17628E2B21D0030999B /* SystemError.swift */; };
		2CF0A17928E2B25B0030999B /* ErrorCodes.swift in Sources */ = {isa = PBXBuildFile; fileRef = 2CF0A17828E2B25B0030999B /* ErrorCodes.swift */; };
		2CF0A17F28E2D5380030999B /* Localizable.strings in Resources */ = {isa = PBXBuildFile; fileRef = 2CF0A18128E2D5380030999B /* Localizable.strings */; };
		2CF0A18528E2E1BE0030999B /* LibraryService.swift in Sources */ = {isa = PBXBuildFile; fileRef = 2CF0A18428E2E1BE0030999B /* LibraryService.swift */; };
		2CF0A18828E2E3870030999B /* Files.swift in Sources */ = {isa = PBXBuildFile; fileRef = 2CF0A18728E2E3870030999B /* Files.swift */; };
		2CF0A18D28E2F88A0030999B /* NSColor+Extension.swift in Sources */ = {isa = PBXBuildFile; fileRef = 2CF0A18C28E2F88A0030999B /* NSColor+Extension.swift */; };
		2CF0A19328E30C700030999B /* MediaMigrations+1.swift in Sources */ = {isa = PBXBuildFile; fileRef = 2CF0A19228E30C700030999B /* MediaMigrations+1.swift */; };
		2CF0A19528E30C9C0030999B /* MediaMigrations.swift in Sources */ = {isa = PBXBuildFile; fileRef = 2CF0A19428E30C9C0030999B /* MediaMigrations.swift */; };
		2CF0A19828E30D440030999B /* SQLiteKit in Frameworks */ = {isa = PBXBuildFile; productRef = 2CF0A19728E30D440030999B /* SQLiteKit */; };
		2CF0A19B28E310C30030999B /* NIO in Frameworks */ = {isa = PBXBuildFile; productRef = 2CF0A19A28E310C30030999B /* NIO */; };
		2CF0A19D28E310C30030999B /* NIOCore in Frameworks */ = {isa = PBXBuildFile; productRef = 2CF0A19C28E310C30030999B /* NIOCore */; };
		2CF0A19F28E310C30030999B /* NIOEmbedded in Frameworks */ = {isa = PBXBuildFile; productRef = 2CF0A19E28E310C30030999B /* NIOEmbedded */; };
/* End PBXBuildFile section */

/* Begin PBXContainerItemProxy section */
		2C06BC2B28DD46A000FDBE28 /* PBXContainerItemProxy */ = {
			isa = PBXContainerItemProxy;
			containerPortal = 2C06BC1128DD469E00FDBE28 /* Project object */;
			proxyType = 1;
			remoteGlobalIDString = 2C06BC1828DD469F00FDBE28;
			remoteInfo = Vocaltale;
		};
		2C06BC3528DD46A000FDBE28 /* PBXContainerItemProxy */ = {
			isa = PBXContainerItemProxy;
			containerPortal = 2C06BC1128DD469E00FDBE28 /* Project object */;
			proxyType = 1;
			remoteGlobalIDString = 2C06BC1828DD469F00FDBE28;
			remoteInfo = Vocaltale;
		};
/* End PBXContainerItemProxy section */

/* Begin PBXFileReference section */
		2C06BC1928DD469F00FDBE28 /* Vocaltale.app */ = {isa = PBXFileReference; explicitFileType = wrapper.application; includeInIndex = 0; path = Vocaltale.app; sourceTree = BUILT_PRODUCTS_DIR; };
		2C06BC1C28DD469F00FDBE28 /* VocaltaleApp.swift */ = {isa = PBXFileReference; lastKnownFileType = sourcecode.swift; path = VocaltaleApp.swift; sourceTree = "<group>"; };
		2C06BC1E28DD469F00FDBE28 /* ContentView.swift */ = {isa = PBXFileReference; lastKnownFileType = sourcecode.swift; path = ContentView.swift; sourceTree = "<group>"; };
		2C06BC2028DD46A000FDBE28 /* Assets.xcassets */ = {isa = PBXFileReference; lastKnownFileType = folder.assetcatalog; path = Assets.xcassets; sourceTree = "<group>"; };
		2C06BC2328DD46A000FDBE28 /* Preview Assets.xcassets */ = {isa = PBXFileReference; lastKnownFileType = folder.assetcatalog; path = "Preview Assets.xcassets"; sourceTree = "<group>"; };
		2C06BC2528DD46A000FDBE28 /* Vocaltale.entitlements */ = {isa = PBXFileReference; lastKnownFileType = text.plist.entitlements; path = Vocaltale.entitlements; sourceTree = "<group>"; };
		2C06BC2A28DD46A000FDBE28 /* VocaltaleTests.xctest */ = {isa = PBXFileReference; explicitFileType = wrapper.cfbundle; includeInIndex = 0; path = VocaltaleTests.xctest; sourceTree = BUILT_PRODUCTS_DIR; };
		2C06BC2E28DD46A000FDBE28 /* VocaltaleTests.swift */ = {isa = PBXFileReference; lastKnownFileType = sourcecode.swift; path = VocaltaleTests.swift; sourceTree = "<group>"; };
		2C06BC3428DD46A000FDBE28 /* VocaltaleUITests.xctest */ = {isa = PBXFileReference; explicitFileType = wrapper.cfbundle; includeInIndex = 0; path = VocaltaleUITests.xctest; sourceTree = BUILT_PRODUCTS_DIR; };
		2C06BC3828DD46A000FDBE28 /* VocaltaleUITests.swift */ = {isa = PBXFileReference; lastKnownFileType = sourcecode.swift; path = VocaltaleUITests.swift; sourceTree = "<group>"; };
		2C06BC3A28DD46A000FDBE28 /* VocaltaleUITestsLaunchTests.swift */ = {isa = PBXFileReference; lastKnownFileType = sourcecode.swift; path = VocaltaleUITestsLaunchTests.swift; sourceTree = "<group>"; };
		2C0E014528FEB8B100893016 /* AlbumContextMenu.swift */ = {isa = PBXFileReference; lastKnownFileType = sourcecode.swift; path = AlbumContextMenu.swift; sourceTree = "<group>"; };
		2C0F236F28F6A0C40059D223 /* VisualEffectView.swift */ = {isa = PBXFileReference; lastKnownFileType = sourcecode.swift; path = VisualEffectView.swift; sourceTree = "<group>"; };
		2C0F237128F6C5F00059D223 /* ControlButtons.swift */ = {isa = PBXFileReference; lastKnownFileType = sourcecode.swift; path = ControlButtons.swift; sourceTree = "<group>"; };
		2C17A9D229023A5200BAE670 /* ModalView.swift */ = {isa = PBXFileReference; lastKnownFileType = sourcecode.swift; path = ModalView.swift; sourceTree = "<group>"; };
		2C17A9D429025F6400BAE670 /* AlbumCardView.swift */ = {isa = PBXFileReference; lastKnownFileType = sourcecode.swift; path = AlbumCardView.swift; sourceTree = "<group>"; };
		2C1919F0290B947700CCB989 /* View+Extension.swift */ = {isa = PBXFileReference; lastKnownFileType = sourcecode.swift; path = "View+Extension.swift"; sourceTree = "<group>"; };
		2C281C3D28F2AE1000C8FC1A /* AlbumView.swift */ = {isa = PBXFileReference; lastKnownFileType = sourcecode.swift; path = AlbumView.swift; sourceTree = "<group>"; };
		2C281C3F28F2C3F400C8FC1A /* TrackListItem.swift */ = {isa = PBXFileReference; lastKnownFileType = sourcecode.swift; path = TrackListItem.swift; sourceTree = "<group>"; };
		2C281C4128F2CA6F00C8FC1A /* AudioPlaybackRepository.swift */ = {isa = PBXFileReference; lastKnownFileType = sourcecode.swift; path = AudioPlaybackRepository.swift; sourceTree = "<group>"; };
		2C281C4328F2D68200C8FC1A /* AudioPlayerPanel.swift */ = {isa = PBXFileReference; lastKnownFileType = sourcecode.swift; path = AudioPlayerPanel.swift; sourceTree = "<group>"; };
		2C281C4528F2E62600C8FC1A /* AudioDevice.swift */ = {isa = PBXFileReference; lastKnownFileType = sourcecode.swift; path = AudioDevice.swift; sourceTree = "<group>"; };
		2C281C4928F3A39C00C8FC1A /* AlbumListContentView.swift */ = {isa = PBXFileReference; lastKnownFileType = sourcecode.swift; path = AlbumListContentView.swift; sourceTree = "<group>"; };
		2C281C4D28F3BE5300C8FC1A /* AlbumSidebarTitle.swift */ = {isa = PBXFileReference; lastKnownFileType = sourcecode.swift; path = AlbumSidebarTitle.swift; sourceTree = "<group>"; };
		2C281C4F28F3BEE900C8FC1A /* LibrarySidebarView.swift */ = {isa = PBXFileReference; lastKnownFileType = sourcecode.swift; path = LibrarySidebarView.swift; sourceTree = "<group>"; };
		2C281C8728F50ECB00C8FC1A /* WindowRepository.swift */ = {isa = PBXFileReference; lastKnownFileType = sourcecode.swift; path = WindowRepository.swift; sourceTree = "<group>"; };
		2C281C8928F5285400C8FC1A /* DraggableTimeline.swift */ = {isa = PBXFileReference; lastKnownFileType = sourcecode.swift; path = DraggableTimeline.swift; sourceTree = "<group>"; };
		2C2EE2392902949500530E8D /* AlbumCardListViewMixins.swift */ = {isa = PBXFileReference; lastKnownFileType = sourcecode.swift; path = AlbumCardListViewMixins.swift; sourceTree = "<group>"; };
		2C2EE23D2902BC0100530E8D /* CircularProgressView.swift */ = {isa = PBXFileReference; lastKnownFileType = sourcecode.swift; path = CircularProgressView.swift; sourceTree = "<group>"; };
		2C3DCE8E28E998690044717A /* FileRepository.swift */ = {isa = PBXFileReference; lastKnownFileType = sourcecode.swift; path = FileRepository.swift; sourceTree = "<group>"; };
		2C3DCE9028E998F70044717A /* AudioRawData.swift */ = {isa = PBXFileReference; lastKnownFileType = sourcecode.swift; path = AudioRawData.swift; sourceTree = "<group>"; };
		2C3DCE9228E99B190044717A /* FileError.swift */ = {isa = PBXFileReference; lastKnownFileType = sourcecode.swift; path = FileError.swift; sourceTree = "<group>"; };
		2C449221297E9472008A16B0 /* AudioFile.swift */ = {isa = PBXFileReference; lastKnownFileType = sourcecode.swift; path = AudioFile.swift; sourceTree = "<group>"; };
		2C5D57AE28EA567F00C06D69 /* SidebarCategory.swift */ = {isa = PBXFileReference; lastKnownFileType = sourcecode.swift; path = SidebarCategory.swift; sourceTree = "<group>"; };
		2C69E3F428E3E42000F94C45 /* AlbumSidebarView.swift */ = {isa = PBXFileReference; lastKnownFileType = sourcecode.swift; path = AlbumSidebarView.swift; sourceTree = "<group>"; };
		2C69E3F628E3E46C00F94C45 /* Album.swift */ = {isa = PBXFileReference; lastKnownFileType = sourcecode.swift; path = Album.swift; sourceTree = "<group>"; };
		2C69E3F828E3E53F00F94C45 /* Track.swift */ = {isa = PBXFileReference; lastKnownFileType = sourcecode.swift; path = Track.swift; sourceTree = "<group>"; };
		2C69E3FA28E3E94D00F94C45 /* AlbumContentView.swift */ = {isa = PBXFileReference; lastKnownFileType = sourcecode.swift; path = AlbumContentView.swift; sourceTree = "<group>"; };
		2C69E3FF28E3EB7800F94C45 /* Artist.swift */ = {isa = PBXFileReference; lastKnownFileType = sourcecode.swift; path = Artist.swift; sourceTree = "<group>"; };
		2C69E40128E406C700F94C45 /* URL+Extension.swift */ = {isa = PBXFileReference; lastKnownFileType = sourcecode.swift; path = "URL+Extension.swift"; sourceTree = "<group>"; };
		2C817D0B28E975A300342F56 /* FileService.swift */ = {isa = PBXFileReference; lastKnownFileType = sourcecode.swift; path = FileService.swift; sourceTree = "<group>"; };
		2C8C4005299E263C002A5BD4 /* ArtworkIcon.swift */ = {isa = PBXFileReference; fileEncoding = 4; lastKnownFileType = sourcecode.swift; name = ArtworkIcon.swift; path = ../../../../iOS/Vocaltale/Vocaltale/Views/Components/ArtworkIcon.swift; sourceTree = "<group>"; };
		2C8FED7B28E40E9C00E0E586 /* VocaltaleDocument.swift */ = {isa = PBXFileReference; lastKnownFileType = sourcecode.swift; path = VocaltaleDocument.swift; sourceTree = "<group>"; };
		2C9B2D8128F5546D00938EB8 /* Image+Extension.swift */ = {isa = PBXFileReference; lastKnownFileType = sourcecode.swift; path = "Image+Extension.swift"; sourceTree = "<group>"; };
		2CAE8BD228E51A2600E82F04 /* TrackFormats.swift */ = {isa = PBXFileReference; lastKnownFileType = sourcecode.swift; path = TrackFormats.swift; sourceTree = "<group>"; };
		2CAE8BD628E53ED000E82F04 /* LibrarySidebarTitle.swift */ = {isa = PBXFileReference; lastKnownFileType = sourcecode.swift; path = LibrarySidebarTitle.swift; sourceTree = "<group>"; };
		2CCFFA2B28DD5E4E00C447DB /* VocaltaleRelease.entitlements */ = {isa = PBXFileReference; fileEncoding = 4; lastKnownFileType = text.plist.entitlements; path = VocaltaleRelease.entitlements; sourceTree = "<group>"; };
		2CCFFA2C28DD5EAF00C447DB /* Info.plist */ = {isa = PBXFileReference; lastKnownFileType = text.plist.xml; path = Info.plist; sourceTree = "<group>"; };
		2CDAA36128FA2A8500A43154 /* SearchSidebarView.swift */ = {isa = PBXFileReference; lastKnownFileType = sourcecode.swift; path = SearchSidebarView.swift; sourceTree = "<group>"; };
		2CDAA36328FA307D00A43154 /* SearchContentView.swift */ = {isa = PBXFileReference; lastKnownFileType = sourcecode.swift; path = SearchContentView.swift; sourceTree = "<group>"; };
		2CDAA36528FA612100A43154 /* MouseEventView.swift */ = {isa = PBXFileReference; lastKnownFileType = sourcecode.swift; path = MouseEventView.swift; sourceTree = "<group>"; };
		2CDAA36728FA6DC400A43154 /* ContextMenuButton.swift */ = {isa = PBXFileReference; lastKnownFileType = sourcecode.swift; path = ContextMenuButton.swift; sourceTree = "<group>"; };
		2CDECDA92998ECAB0013A572 /* Views.swift */ = {isa = PBXFileReference; fileEncoding = 4; lastKnownFileType = sourcecode.swift; path = Views.swift; sourceTree = "<group>"; };
		2CF0A16228E29E0C0030999B /* Library.swift */ = {isa = PBXFileReference; lastKnownFileType = sourcecode.swift; path = Library.swift; sourceTree = "<group>"; };
		2CF0A16C28E2A7590030999B /* LibraryRepository.swift */ = {isa = PBXFileReference; lastKnownFileType = sourcecode.swift; path = LibraryRepository.swift; sourceTree = "<group>"; };
		2CF0A17628E2B21D0030999B /* SystemError.swift */ = {isa = PBXFileReference; lastKnownFileType = sourcecode.swift; path = SystemError.swift; sourceTree = "<group>"; };
		2CF0A17828E2B25B0030999B /* ErrorCodes.swift */ = {isa = PBXFileReference; lastKnownFileType = sourcecode.swift; path = ErrorCodes.swift; sourceTree = "<group>"; };
		2CF0A18028E2D5380030999B /* en */ = {isa = PBXFileReference; lastKnownFileType = text.plist.strings; name = en; path = en.lproj/Localizable.strings; sourceTree = "<group>"; };
		2CF0A18228E2D53C0030999B /* zh-Hant */ = {isa = PBXFileReference; lastKnownFileType = text.plist.strings; name = "zh-Hant"; path = "zh-Hant.lproj/Localizable.strings"; sourceTree = "<group>"; };
		2CF0A18428E2E1BE0030999B /* LibraryService.swift */ = {isa = PBXFileReference; lastKnownFileType = sourcecode.swift; path = LibraryService.swift; sourceTree = "<group>"; };
		2CF0A18728E2E3870030999B /* Files.swift */ = {isa = PBXFileReference; lastKnownFileType = sourcecode.swift; path = Files.swift; sourceTree = "<group>"; };
		2CF0A18C28E2F88A0030999B /* NSColor+Extension.swift */ = {isa = PBXFileReference; lastKnownFileType = sourcecode.swift; path = "NSColor+Extension.swift"; sourceTree = "<group>"; };
		2CF0A19228E30C700030999B /* MediaMigrations+1.swift */ = {isa = PBXFileReference; lastKnownFileType = sourcecode.swift; path = "MediaMigrations+1.swift"; sourceTree = "<group>"; };
		2CF0A19428E30C9C0030999B /* MediaMigrations.swift */ = {isa = PBXFileReference; lastKnownFileType = sourcecode.swift; path = MediaMigrations.swift; sourceTree = "<group>"; };
/* End PBXFileReference section */

/* Begin PBXFrameworksBuildPhase section */
		2C06BC1628DD469F00FDBE28 /* Frameworks */ = {
			isa = PBXFrameworksBuildPhase;
			buildActionMask = 2147483647;
			files = (
				2CF0A19B28E310C30030999B /* NIO in Frameworks */,
				2CF0A19828E30D440030999B /* SQLiteKit in Frameworks */,
				2CF0A19D28E310C30030999B /* NIOCore in Frameworks */,
				2CF0A16628E2A6380030999B /* SQLKit in Frameworks */,
				2CF0A19F28E310C30030999B /* NIOEmbedded in Frameworks */,
			);
			runOnlyForDeploymentPostprocessing = 0;
		};
		2C06BC2728DD46A000FDBE28 /* Frameworks */ = {
			isa = PBXFrameworksBuildPhase;
			buildActionMask = 2147483647;
			files = (
			);
			runOnlyForDeploymentPostprocessing = 0;
		};
		2C06BC3128DD46A000FDBE28 /* Frameworks */ = {
			isa = PBXFrameworksBuildPhase;
			buildActionMask = 2147483647;
			files = (
			);
			runOnlyForDeploymentPostprocessing = 0;
		};
/* End PBXFrameworksBuildPhase section */

/* Begin PBXGroup section */
		2C06BC1028DD469E00FDBE28 = {
			isa = PBXGroup;
			children = (
				2C06BC1B28DD469F00FDBE28 /* Vocaltale */,
				2C06BC2D28DD46A000FDBE28 /* VocaltaleTests */,
				2C06BC3728DD46A000FDBE28 /* VocaltaleUITests */,
				2C06BC1A28DD469F00FDBE28 /* Products */,
			);
			sourceTree = "<group>";
		};
		2C06BC1A28DD469F00FDBE28 /* Products */ = {
			isa = PBXGroup;
			children = (
				2C06BC1928DD469F00FDBE28 /* Vocaltale.app */,
				2C06BC2A28DD46A000FDBE28 /* VocaltaleTests.xctest */,
				2C06BC3428DD46A000FDBE28 /* VocaltaleUITests.xctest */,
			);
			name = Products;
			sourceTree = "<group>";
		};
		2C06BC1B28DD469F00FDBE28 /* Vocaltale */ = {
			isa = PBXGroup;
			children = (
				2CF0A19128E30C330030999B /* Migrations */,
				2CF0A18928E2E7F40030999B /* Extensions */,
				2CF0A18628E2E3730030999B /* Constants */,
				2CF0A18328E2E1A90030999B /* Services */,
				2CF0A18128E2D5380030999B /* Localizable.strings */,
				2CF0A16928E2A6CA0030999B /* Repositories */,
				2CF0A15F28E29DC40030999B /* Models */,
				2C4BDBDA28DD4FFC00331D2B /* Views */,
				2C06BC1E28DD469F00FDBE28 /* ContentView.swift */,
				2C06BC1C28DD469F00FDBE28 /* VocaltaleApp.swift */,
				2C06BC2028DD46A000FDBE28 /* Assets.xcassets */,
				2CCFFA2C28DD5EAF00C447DB /* Info.plist */,
				2C06BC2528DD46A000FDBE28 /* Vocaltale.entitlements */,
				2CCFFA2B28DD5E4E00C447DB /* VocaltaleRelease.entitlements */,
				2C06BC2228DD46A000FDBE28 /* Preview Content */,
			);
			path = Vocaltale;
			sourceTree = "<group>";
		};
		2C06BC2228DD46A000FDBE28 /* Preview Content */ = {
			isa = PBXGroup;
			children = (
				2C06BC2328DD46A000FDBE28 /* Preview Assets.xcassets */,
			);
			path = "Preview Content";
			sourceTree = "<group>";
		};
		2C06BC2D28DD46A000FDBE28 /* VocaltaleTests */ = {
			isa = PBXGroup;
			children = (
				2C06BC2E28DD46A000FDBE28 /* VocaltaleTests.swift */,
			);
			path = VocaltaleTests;
			sourceTree = "<group>";
		};
		2C06BC3728DD46A000FDBE28 /* VocaltaleUITests */ = {
			isa = PBXGroup;
			children = (
				2C06BC3828DD46A000FDBE28 /* VocaltaleUITests.swift */,
				2C06BC3A28DD46A000FDBE28 /* VocaltaleUITestsLaunchTests.swift */,
			);
			path = VocaltaleUITests;
			sourceTree = "<group>";
		};
		2C4BDBDA28DD4FFC00331D2B /* Views */ = {
			isa = PBXGroup;
			children = (
				2C69E3FC28E3EB3300F94C45 /* Components */,
				2C281C4F28F3BEE900C8FC1A /* LibrarySidebarView.swift */,
				2CDAA36128FA2A8500A43154 /* SearchSidebarView.swift */,
				2CDAA36328FA307D00A43154 /* SearchContentView.swift */,
				2C69E3F428E3E42000F94C45 /* AlbumSidebarView.swift */,
				2C69E3FA28E3E94D00F94C45 /* AlbumContentView.swift */,
				2C281C4928F3A39C00C8FC1A /* AlbumListContentView.swift */,
				2C17A9D229023A5200BAE670 /* ModalView.swift */,
			);
			path = Views;
			sourceTree = "<group>";
		};
		2C5D57AD28EA566F00C06D69 /* Views */ = {
			isa = PBXGroup;
			children = (
				2C5D57AE28EA567F00C06D69 /* SidebarCategory.swift */,
			);
			path = Views;
			sourceTree = "<group>";
		};
		2C69E3FC28E3EB3300F94C45 /* Components */ = {
			isa = PBXGroup;
			children = (
				2C8C4005299E263C002A5BD4 /* ArtworkIcon.swift */,
				2CAE8BD628E53ED000E82F04 /* LibrarySidebarTitle.swift */,
				2C281C4D28F3BE5300C8FC1A /* AlbumSidebarTitle.swift */,
				2C281C3D28F2AE1000C8FC1A /* AlbumView.swift */,
				2C0E014528FEB8B100893016 /* AlbumContextMenu.swift */,
				2C281C3F28F2C3F400C8FC1A /* TrackListItem.swift */,
				2C281C8928F5285400C8FC1A /* DraggableTimeline.swift */,
				2C0F236F28F6A0C40059D223 /* VisualEffectView.swift */,
				2C0F237128F6C5F00059D223 /* ControlButtons.swift */,
				2C281C4328F2D68200C8FC1A /* AudioPlayerPanel.swift */,
				2CDAA36528FA612100A43154 /* MouseEventView.swift */,
				2CDAA36728FA6DC400A43154 /* ContextMenuButton.swift */,
				2C17A9D429025F6400BAE670 /* AlbumCardView.swift */,
				2C2EE2392902949500530E8D /* AlbumCardListViewMixins.swift */,
				2C2EE23D2902BC0100530E8D /* CircularProgressView.swift */,
			);
			path = Components;
			sourceTree = "<group>";
		};
		2CAE8BD128E51A1B00E82F04 /* Audio */ = {
			isa = PBXGroup;
			children = (
				2CAE8BD228E51A2600E82F04 /* TrackFormats.swift */,
				2C3DCE9028E998F70044717A /* AudioRawData.swift */,
				2C281C4528F2E62600C8FC1A /* AudioDevice.swift */,
				2C449221297E9472008A16B0 /* AudioFile.swift */,
			);
			path = Audio;
			sourceTree = "<group>";
		};
		2CF0A15F28E29DC40030999B /* Models */ = {
			isa = PBXGroup;
			children = (
				2C5D57AD28EA566F00C06D69 /* Views */,
				2CAE8BD128E51A1B00E82F04 /* Audio */,
				2C8FED7B28E40E9C00E0E586 /* VocaltaleDocument.swift */,
				2CF0A17528E2B2070030999B /* Error */,
				2CF0A16128E29DE20030999B /* Preferences */,
				2CF0A16028E29DD20030999B /* Library */,
			);
			path = Models;
			sourceTree = "<group>";
		};
		2CF0A16028E29DD20030999B /* Library */ = {
			isa = PBXGroup;
			children = (
				2CF0A16228E29E0C0030999B /* Library.swift */,
				2C69E3F628E3E46C00F94C45 /* Album.swift */,
				2C69E3F828E3E53F00F94C45 /* Track.swift */,
				2C69E3FF28E3EB7800F94C45 /* Artist.swift */,
			);
			path = Library;
			sourceTree = "<group>";
		};
		2CF0A16128E29DE20030999B /* Preferences */ = {
			isa = PBXGroup;
			children = (
			);
			path = Preferences;
			sourceTree = "<group>";
		};
		2CF0A16928E2A6CA0030999B /* Repositories */ = {
			isa = PBXGroup;
			children = (
				2CF0A16C28E2A7590030999B /* LibraryRepository.swift */,
				2C3DCE8E28E998690044717A /* FileRepository.swift */,
				2C281C4128F2CA6F00C8FC1A /* AudioPlaybackRepository.swift */,
				2C281C8728F50ECB00C8FC1A /* WindowRepository.swift */,
			);
			path = Repositories;
			sourceTree = "<group>";
		};
		2CF0A17528E2B2070030999B /* Error */ = {
			isa = PBXGroup;
			children = (
				2CF0A17628E2B21D0030999B /* SystemError.swift */,
				2CF0A17828E2B25B0030999B /* ErrorCodes.swift */,
				2C3DCE9228E99B190044717A /* FileError.swift */,
			);
			path = Error;
			sourceTree = "<group>";
		};
		2CF0A18328E2E1A90030999B /* Services */ = {
			isa = PBXGroup;
			children = (
				2CF0A18428E2E1BE0030999B /* LibraryService.swift */,
				2C817D0B28E975A300342F56 /* FileService.swift */,
			);
			path = Services;
			sourceTree = "<group>";
		};
		2CF0A18628E2E3730030999B /* Constants */ = {
			isa = PBXGroup;
			children = (
				2CDECDA92998ECAB0013A572 /* Views.swift */,
				2CF0A18728E2E3870030999B /* Files.swift */,
			);
			path = Constants;
			sourceTree = "<group>";
		};
		2CF0A18928E2E7F40030999B /* Extensions */ = {
			isa = PBXGroup;
			children = (
				2CF0A18C28E2F88A0030999B /* NSColor+Extension.swift */,
				2C69E40128E406C700F94C45 /* URL+Extension.swift */,
				2C9B2D8128F5546D00938EB8 /* Image+Extension.swift */,
				2C1919F0290B947700CCB989 /* View+Extension.swift */,
			);
			path = Extensions;
			sourceTree = "<group>";
		};
		2CF0A19128E30C330030999B /* Migrations */ = {
			isa = PBXGroup;
			children = (
				2CF0A19228E30C700030999B /* MediaMigrations+1.swift */,
				2CF0A19428E30C9C0030999B /* MediaMigrations.swift */,
			);
			path = Migrations;
			sourceTree = "<group>";
		};
/* End PBXGroup section */

/* Begin PBXNativeTarget section */
		2C06BC1828DD469F00FDBE28 /* Vocaltale */ = {
			isa = PBXNativeTarget;
			buildConfigurationList = 2C06BC3E28DD46A000FDBE28 /* Build configuration list for PBXNativeTarget "Vocaltale" */;
			buildPhases = (
				2C9416A7299F1A1A00DA7C18 /* ShellScript */,
				2C06BC1528DD469F00FDBE28 /* Sources */,
				2C06BC1628DD469F00FDBE28 /* Frameworks */,
				2C06BC1728DD469F00FDBE28 /* Resources */,
			);
			buildRules = (
			);
			dependencies = (
			);
			name = Vocaltale;
			packageProductDependencies = (
				2CF0A16528E2A6380030999B /* SQLKit */,
				2CF0A19728E30D440030999B /* SQLiteKit */,
				2CF0A19A28E310C30030999B /* NIO */,
				2CF0A19C28E310C30030999B /* NIOCore */,
				2CF0A19E28E310C30030999B /* NIOEmbedded */,
			);
			productName = Vocaltale;
			productReference = 2C06BC1928DD469F00FDBE28 /* Vocaltale.app */;
			productType = "com.apple.product-type.application";
		};
		2C06BC2928DD46A000FDBE28 /* VocaltaleTests */ = {
			isa = PBXNativeTarget;
			buildConfigurationList = 2C06BC4128DD46A000FDBE28 /* Build configuration list for PBXNativeTarget "VocaltaleTests" */;
			buildPhases = (
				2C06BC2628DD46A000FDBE28 /* Sources */,
				2C06BC2728DD46A000FDBE28 /* Frameworks */,
				2C06BC2828DD46A000FDBE28 /* Resources */,
			);
			buildRules = (
			);
			dependencies = (
				2C06BC2C28DD46A000FDBE28 /* PBXTargetDependency */,
			);
			name = VocaltaleTests;
			productName = VocaltaleTests;
			productReference = 2C06BC2A28DD46A000FDBE28 /* VocaltaleTests.xctest */;
			productType = "com.apple.product-type.bundle.unit-test";
		};
		2C06BC3328DD46A000FDBE28 /* VocaltaleUITests */ = {
			isa = PBXNativeTarget;
			buildConfigurationList = 2C06BC4428DD46A000FDBE28 /* Build configuration list for PBXNativeTarget "VocaltaleUITests" */;
			buildPhases = (
				2C06BC3028DD46A000FDBE28 /* Sources */,
				2C06BC3128DD46A000FDBE28 /* Frameworks */,
				2C06BC3228DD46A000FDBE28 /* Resources */,
			);
			buildRules = (
			);
			dependencies = (
				2C06BC3628DD46A000FDBE28 /* PBXTargetDependency */,
			);
			name = VocaltaleUITests;
			productName = VocaltaleUITests;
			productReference = 2C06BC3428DD46A000FDBE28 /* VocaltaleUITests.xctest */;
			productType = "com.apple.product-type.bundle.ui-testing";
		};
/* End PBXNativeTarget section */

/* Begin PBXProject section */
		2C06BC1128DD469E00FDBE28 /* Project object */ = {
			isa = PBXProject;
			attributes = {
				BuildIndependentTargetsInParallel = 1;
				LastSwiftUpdateCheck = 1410;
				LastUpgradeCheck = 1420;
				TargetAttributes = {
					2C06BC1828DD469F00FDBE28 = {
						CreatedOnToolsVersion = 14.1;
					};
					2C06BC2928DD46A000FDBE28 = {
						CreatedOnToolsVersion = 14.1;
						TestTargetID = 2C06BC1828DD469F00FDBE28;
					};
					2C06BC3328DD46A000FDBE28 = {
						CreatedOnToolsVersion = 14.1;
						TestTargetID = 2C06BC1828DD469F00FDBE28;
					};
				};
			};
			buildConfigurationList = 2C06BC1428DD469E00FDBE28 /* Build configuration list for PBXProject "Vocaltale" */;
			compatibilityVersion = "Xcode 14.0";
			developmentRegion = en;
			hasScannedForEncodings = 0;
			knownRegions = (
				en,
				Base,
				"zh-Hant",
			);
			mainGroup = 2C06BC1028DD469E00FDBE28;
			packageReferences = (
				2CF0A16428E2A6380030999B /* XCRemoteSwiftPackageReference "sql-kit" */,
				2CF0A19628E30D440030999B /* XCRemoteSwiftPackageReference "sqlite-kit" */,
				2CF0A19928E310C30030999B /* XCRemoteSwiftPackageReference "swift-nio" */,
			);
			productRefGroup = 2C06BC1A28DD469F00FDBE28 /* Products */;
			projectDirPath = "";
			projectRoot = "";
			targets = (
				2C06BC1828DD469F00FDBE28 /* Vocaltale */,
				2C06BC2928DD46A000FDBE28 /* VocaltaleTests */,
				2C06BC3328DD46A000FDBE28 /* VocaltaleUITests */,
			);
		};
/* End PBXProject section */

/* Begin PBXResourcesBuildPhase section */
		2C06BC1728DD469F00FDBE28 /* Resources */ = {
			isa = PBXResourcesBuildPhase;
			buildActionMask = 2147483647;
			files = (
				2CF0A17F28E2D5380030999B /* Localizable.strings in Resources */,
				2C06BC2428DD46A000FDBE28 /* Preview Assets.xcassets in Resources */,
				2C06BC2128DD46A000FDBE28 /* Assets.xcassets in Resources */,
			);
			runOnlyForDeploymentPostprocessing = 0;
		};
		2C06BC2828DD46A000FDBE28 /* Resources */ = {
			isa = PBXResourcesBuildPhase;
			buildActionMask = 2147483647;
			files = (
			);
			runOnlyForDeploymentPostprocessing = 0;
		};
		2C06BC3228DD46A000FDBE28 /* Resources */ = {
			isa = PBXResourcesBuildPhase;
			buildActionMask = 2147483647;
			files = (
			);
			runOnlyForDeploymentPostprocessing = 0;
		};
/* End PBXResourcesBuildPhase section */

/* Begin PBXShellScriptBuildPhase section */
		2C9416A7299F1A1A00DA7C18 /* ShellScript */ = {
			isa = PBXShellScriptBuildPhase;
			alwaysOutOfDate = 1;
			buildActionMask = 2147483647;
			files = (
			);
			inputFileListPaths = (
			);
			inputPaths = (
			);
			outputFileListPaths = (
			);
			outputPaths = (
			);
			runOnlyForDeploymentPostprocessing = 0;
			shellPath = /bin/sh;
			shellScript = "# Type a script or drag a script file from your workspace to insert its path.\nexport PATH=\"$PATH:/opt/homebrew/bin\"\n\nswiftlint\n";
		};
/* End PBXShellScriptBuildPhase section */

/* Begin PBXSourcesBuildPhase section */
		2C06BC1528DD469F00FDBE28 /* Sources */ = {
			isa = PBXSourcesBuildPhase;
			buildActionMask = 2147483647;
			files = (
				2C281C8828F50ECB00C8FC1A /* WindowRepository.swift in Sources */,
				2CDAA36228FA2A8500A43154 /* SearchSidebarView.swift in Sources */,
				2C281C4428F2D68200C8FC1A /* AudioPlayerPanel.swift in Sources */,
				2C69E3F528E3E42000F94C45 /* AlbumSidebarView.swift in Sources */,
				2CAE8BD728E53ED000E82F04 /* LibrarySidebarTitle.swift in Sources */,
				2C69E3FB28E3E94D00F94C45 /* AlbumContentView.swift in Sources */,
				2CF0A18828E2E3870030999B /* Files.swift in Sources */,
				2C8C4006299E263C002A5BD4 /* ArtworkIcon.swift in Sources */,
				2C817D0C28E975A300342F56 /* FileService.swift in Sources */,
				2CF0A18D28E2F88A0030999B /* NSColor+Extension.swift in Sources */,
				2CF0A19328E30C700030999B /* MediaMigrations+1.swift in Sources */,
				2C3DCE9328E99B190044717A /* FileError.swift in Sources */,
				2C449222297E9472008A16B0 /* AudioFile.swift in Sources */,
				2CDAA36828FA6DC400A43154 /* ContextMenuButton.swift in Sources */,
				2C0F237028F6A0C40059D223 /* VisualEffectView.swift in Sources */,
				2C17A9D529025F6400BAE670 /* AlbumCardView.swift in Sources */,
				2CF0A16328E29E0C0030999B /* Library.swift in Sources */,
				2C281C3E28F2AE1000C8FC1A /* AlbumView.swift in Sources */,
				2C06BC1F28DD469F00FDBE28 /* ContentView.swift in Sources */,
				2CDECDAA2998ECAB0013A572 /* Views.swift in Sources */,
				2C0F237228F6C5F00059D223 /* ControlButtons.swift in Sources */,
				2C2EE23A2902949500530E8D /* AlbumCardListViewMixins.swift in Sources */,
				2C281C5028F3BEE900C8FC1A /* LibrarySidebarView.swift in Sources */,
				2C281C4E28F3BE5300C8FC1A /* AlbumSidebarTitle.swift in Sources */,
				2CAE8BD328E51A2600E82F04 /* TrackFormats.swift in Sources */,
				2CF0A18528E2E1BE0030999B /* LibraryService.swift in Sources */,
				2C9B2D8228F5546D00938EB8 /* Image+Extension.swift in Sources */,
				2C17A9D329023A5200BAE670 /* ModalView.swift in Sources */,
				2CF0A17928E2B25B0030999B /* ErrorCodes.swift in Sources */,
				2C281C8A28F5285400C8FC1A /* DraggableTimeline.swift in Sources */,
				2C5D57AF28EA567F00C06D69 /* SidebarCategory.swift in Sources */,
				2C3DCE8F28E998690044717A /* FileRepository.swift in Sources */,
				2CF0A19528E30C9C0030999B /* MediaMigrations.swift in Sources */,
				2C0E014628FEB8B100893016 /* AlbumContextMenu.swift in Sources */,
				2CDAA36628FA612100A43154 /* MouseEventView.swift in Sources */,
				2C69E40228E406C700F94C45 /* URL+Extension.swift in Sources */,
				2C2EE23E2902BC0100530E8D /* CircularProgressView.swift in Sources */,
				2C1919F1290B947700CCB989 /* View+Extension.swift in Sources */,
				2C69E40028E3EB7800F94C45 /* Artist.swift in Sources */,
				2C281C4228F2CA6F00C8FC1A /* AudioPlaybackRepository.swift in Sources */,
				2CDAA36428FA307D00A43154 /* SearchContentView.swift in Sources */,
				2C3DCE9128E998F70044717A /* AudioRawData.swift in Sources */,
				2C8FED7C28E40E9C00E0E586 /* VocaltaleDocument.swift in Sources */,
				2C69E3F928E3E53F00F94C45 /* Track.swift in Sources */,
				2C06BC1D28DD469F00FDBE28 /* VocaltaleApp.swift in Sources */,
				2C281C4A28F3A39C00C8FC1A /* AlbumListContentView.swift in Sources */,
				2CF0A17728E2B21D0030999B /* SystemError.swift in Sources */,
				2C281C4628F2E62600C8FC1A /* AudioDevice.swift in Sources */,
				2CF0A16D28E2A7590030999B /* LibraryRepository.swift in Sources */,
				2C281C4028F2C3F400C8FC1A /* TrackListItem.swift in Sources */,
				2C69E3F728E3E46C00F94C45 /* Album.swift in Sources */,
			);
			runOnlyForDeploymentPostprocessing = 0;
		};
		2C06BC2628DD46A000FDBE28 /* Sources */ = {
			isa = PBXSourcesBuildPhase;
			buildActionMask = 2147483647;
			files = (
				2C06BC2F28DD46A000FDBE28 /* VocaltaleTests.swift in Sources */,
			);
			runOnlyForDeploymentPostprocessing = 0;
		};
		2C06BC3028DD46A000FDBE28 /* Sources */ = {
			isa = PBXSourcesBuildPhase;
			buildActionMask = 2147483647;
			files = (
				2C06BC3B28DD46A000FDBE28 /* VocaltaleUITestsLaunchTests.swift in Sources */,
				2C06BC3928DD46A000FDBE28 /* VocaltaleUITests.swift in Sources */,
			);
			runOnlyForDeploymentPostprocessing = 0;
		};
/* End PBXSourcesBuildPhase section */

/* Begin PBXTargetDependency section */
		2C06BC2C28DD46A000FDBE28 /* PBXTargetDependency */ = {
			isa = PBXTargetDependency;
			target = 2C06BC1828DD469F00FDBE28 /* Vocaltale */;
			targetProxy = 2C06BC2B28DD46A000FDBE28 /* PBXContainerItemProxy */;
		};
		2C06BC3628DD46A000FDBE28 /* PBXTargetDependency */ = {
			isa = PBXTargetDependency;
			target = 2C06BC1828DD469F00FDBE28 /* Vocaltale */;
			targetProxy = 2C06BC3528DD46A000FDBE28 /* PBXContainerItemProxy */;
		};
/* End PBXTargetDependency section */

/* Begin PBXVariantGroup section */
		2CF0A18128E2D5380030999B /* Localizable.strings */ = {
			isa = PBXVariantGroup;
			children = (
				2CF0A18028E2D5380030999B /* en */,
				2CF0A18228E2D53C0030999B /* zh-Hant */,
			);
			name = Localizable.strings;
			sourceTree = "<group>";
		};
/* End PBXVariantGroup section */

/* Begin XCBuildConfiguration section */
		2C06BC3C28DD46A000FDBE28 /* Debug */ = {
			isa = XCBuildConfiguration;
			buildSettings = {
				ALWAYS_SEARCH_USER_PATHS = NO;
				CLANG_ANALYZER_LOCALIZABILITY_NONLOCALIZED = YES;
				CLANG_ANALYZER_NONNULL = YES;
				CLANG_ANALYZER_NUMBER_OBJECT_CONVERSION = YES_AGGRESSIVE;
				CLANG_CXX_LANGUAGE_STANDARD = "gnu++20";
				CLANG_ENABLE_MODULES = YES;
				CLANG_ENABLE_OBJC_ARC = YES;
				CLANG_ENABLE_OBJC_WEAK = YES;
				CLANG_WARN_BLOCK_CAPTURE_AUTORELEASING = YES;
				CLANG_WARN_BOOL_CONVERSION = YES;
				CLANG_WARN_COMMA = YES;
				CLANG_WARN_CONSTANT_CONVERSION = YES;
				CLANG_WARN_DEPRECATED_OBJC_IMPLEMENTATIONS = YES;
				CLANG_WARN_DIRECT_OBJC_ISA_USAGE = YES_ERROR;
				CLANG_WARN_DOCUMENTATION_COMMENTS = YES;
				CLANG_WARN_EMPTY_BODY = YES;
				CLANG_WARN_ENUM_CONVERSION = YES;
				CLANG_WARN_INFINITE_RECURSION = YES;
				CLANG_WARN_INT_CONVERSION = YES;
				CLANG_WARN_NON_LITERAL_NULL_CONVERSION = YES;
				CLANG_WARN_OBJC_IMPLICIT_RETAIN_SELF = YES;
				CLANG_WARN_OBJC_LITERAL_CONVERSION = YES;
				CLANG_WARN_OBJC_ROOT_CLASS = YES_ERROR;
				CLANG_WARN_QUOTED_INCLUDE_IN_FRAMEWORK_HEADER = YES;
				CLANG_WARN_RANGE_LOOP_ANALYSIS = YES;
				CLANG_WARN_STRICT_PROTOTYPES = YES;
				CLANG_WARN_SUSPICIOUS_MOVE = YES;
				CLANG_WARN_UNGUARDED_AVAILABILITY = YES_AGGRESSIVE;
				CLANG_WARN_UNREACHABLE_CODE = YES;
				CLANG_WARN__DUPLICATE_METHOD_MATCH = YES;
				COPY_PHASE_STRIP = NO;
				DEAD_CODE_STRIPPING = YES;
				DEBUG_INFORMATION_FORMAT = dwarf;
				ENABLE_STRICT_OBJC_MSGSEND = YES;
				ENABLE_TESTABILITY = YES;
				GCC_C_LANGUAGE_STANDARD = gnu11;
				GCC_DYNAMIC_NO_PIC = NO;
				GCC_NO_COMMON_BLOCKS = YES;
				GCC_OPTIMIZATION_LEVEL = 0;
				GCC_PREPROCESSOR_DEFINITIONS = (
					"DEBUG=1",
					"$(inherited)",
				);
				GCC_WARN_64_TO_32_BIT_CONVERSION = YES;
				GCC_WARN_ABOUT_RETURN_TYPE = YES_ERROR;
				GCC_WARN_UNDECLARED_SELECTOR = YES;
				GCC_WARN_UNINITIALIZED_AUTOS = YES_AGGRESSIVE;
				GCC_WARN_UNUSED_FUNCTION = YES;
				GCC_WARN_UNUSED_VARIABLE = YES;
				MACOSX_DEPLOYMENT_TARGET = 13.0;
				MTL_ENABLE_DEBUG_INFO = INCLUDE_SOURCE;
				MTL_FAST_MATH = YES;
				ONLY_ACTIVE_ARCH = YES;
				SDKROOT = macosx;
				SWIFT_ACTIVE_COMPILATION_CONDITIONS = DEBUG;
				SWIFT_OPTIMIZATION_LEVEL = "-Onone";
				SWIFT_VERSION = 5.0;
			};
			name = Debug;
		};
		2C06BC3D28DD46A000FDBE28 /* Release */ = {
			isa = XCBuildConfiguration;
			buildSettings = {
				ALWAYS_SEARCH_USER_PATHS = NO;
				CLANG_ANALYZER_LOCALIZABILITY_NONLOCALIZED = YES;
				CLANG_ANALYZER_NONNULL = YES;
				CLANG_ANALYZER_NUMBER_OBJECT_CONVERSION = YES_AGGRESSIVE;
				CLANG_CXX_LANGUAGE_STANDARD = "gnu++20";
				CLANG_ENABLE_MODULES = YES;
				CLANG_ENABLE_OBJC_ARC = YES;
				CLANG_ENABLE_OBJC_WEAK = YES;
				CLANG_WARN_BLOCK_CAPTURE_AUTORELEASING = YES;
				CLANG_WARN_BOOL_CONVERSION = YES;
				CLANG_WARN_COMMA = YES;
				CLANG_WARN_CONSTANT_CONVERSION = YES;
				CLANG_WARN_DEPRECATED_OBJC_IMPLEMENTATIONS = YES;
				CLANG_WARN_DIRECT_OBJC_ISA_USAGE = YES_ERROR;
				CLANG_WARN_DOCUMENTATION_COMMENTS = YES;
				CLANG_WARN_EMPTY_BODY = YES;
				CLANG_WARN_ENUM_CONVERSION = YES;
				CLANG_WARN_INFINITE_RECURSION = YES;
				CLANG_WARN_INT_CONVERSION = YES;
				CLANG_WARN_NON_LITERAL_NULL_CONVERSION = YES;
				CLANG_WARN_OBJC_IMPLICIT_RETAIN_SELF = YES;
				CLANG_WARN_OBJC_LITERAL_CONVERSION = YES;
				CLANG_WARN_OBJC_ROOT_CLASS = YES_ERROR;
				CLANG_WARN_QUOTED_INCLUDE_IN_FRAMEWORK_HEADER = YES;
				CLANG_WARN_RANGE_LOOP_ANALYSIS = YES;
				CLANG_WARN_STRICT_PROTOTYPES = YES;
				CLANG_WARN_SUSPICIOUS_MOVE = YES;
				CLANG_WARN_UNGUARDED_AVAILABILITY = YES_AGGRESSIVE;
				CLANG_WARN_UNREACHABLE_CODE = YES;
				CLANG_WARN__DUPLICATE_METHOD_MATCH = YES;
				COPY_PHASE_STRIP = NO;
				DEAD_CODE_STRIPPING = YES;
				DEBUG_INFORMATION_FORMAT = "dwarf-with-dsym";
				ENABLE_NS_ASSERTIONS = NO;
				ENABLE_STRICT_OBJC_MSGSEND = YES;
				GCC_C_LANGUAGE_STANDARD = gnu11;
				GCC_NO_COMMON_BLOCKS = YES;
				GCC_WARN_64_TO_32_BIT_CONVERSION = YES;
				GCC_WARN_ABOUT_RETURN_TYPE = YES_ERROR;
				GCC_WARN_UNDECLARED_SELECTOR = YES;
				GCC_WARN_UNINITIALIZED_AUTOS = YES_AGGRESSIVE;
				GCC_WARN_UNUSED_FUNCTION = YES;
				GCC_WARN_UNUSED_VARIABLE = YES;
				MACOSX_DEPLOYMENT_TARGET = 13.0;
				MTL_ENABLE_DEBUG_INFO = NO;
				MTL_FAST_MATH = YES;
				SDKROOT = macosx;
				SWIFT_COMPILATION_MODE = wholemodule;
				SWIFT_OPTIMIZATION_LEVEL = "-O";
				SWIFT_VERSION = 5.0;
			};
			name = Release;
		};
		2C06BC3F28DD46A000FDBE28 /* Debug */ = {
			isa = XCBuildConfiguration;
			buildSettings = {
				ASSETCATALOG_COMPILER_APPICON_NAME = AppIcon;
				ASSETCATALOG_COMPILER_GLOBAL_ACCENT_COLOR_NAME = AccentColor;
				ASSETCATALOG_COMPILER_INCLUDE_ALL_APPICON_ASSETS = YES;
				CODE_SIGN_ENTITLEMENTS = Vocaltale/Vocaltale.entitlements;
				CODE_SIGN_IDENTITY = "-";
				"CODE_SIGN_IDENTITY[sdk=macosx*]" = "Apple Development";
				CODE_SIGN_STYLE = Automatic;
				COMBINE_HIDPI_IMAGES = YES;
				CURRENT_PROJECT_VERSION = 2;
				DEAD_CODE_STRIPPING = YES;
				DEVELOPMENT_ASSET_PATHS = "\"Vocaltale/Preview Content\"";
				DEVELOPMENT_TEAM = XU86G2TH62;
				ENABLE_PREVIEWS = YES;
				FRAMEWORK_SEARCH_PATHS = (
					"$(inherited)",
					"$(PROJECT_DIR)/Frameworks",
				);
				GENERATE_INFOPLIST_FILE = YES;
				INFOPLIST_FILE = Vocaltale/Info.plist;
				INFOPLIST_KEY_CFBundleDisplayName = Vocaltale;
				INFOPLIST_KEY_LSApplicationCategoryType = "public.app-category.music";
				INFOPLIST_KEY_NSHumanReadableCopyright = "2021-2023, Vocaltale Ltd.";
				LD_RUNPATH_SEARCH_PATHS = (
					"$(inherited)",
					"@executable_path/../Frameworks",
				);
				MACOSX_DEPLOYMENT_TARGET = 13.0;
				MARKETING_VERSION = 1.0.0;
				PRODUCT_BUNDLE_IDENTIFIER = com.vocaltale.iOS.Vocaltale.debug;
				PRODUCT_NAME = "$(TARGET_NAME)";
				SWIFT_EMIT_LOC_STRINGS = YES;
				SWIFT_VERSION = 5.0;
			};
			name = Debug;
		};
		2C06BC4028DD46A000FDBE28 /* Release */ = {
			isa = XCBuildConfiguration;
			buildSettings = {
				ASSETCATALOG_COMPILER_APPICON_NAME = AppIcon;
				ASSETCATALOG_COMPILER_GLOBAL_ACCENT_COLOR_NAME = AccentColor;
				ASSETCATALOG_COMPILER_INCLUDE_ALL_APPICON_ASSETS = YES;
				CODE_SIGN_ENTITLEMENTS = Vocaltale/VocaltaleRelease.entitlements;
				CODE_SIGN_IDENTITY = "Apple Development";
				"CODE_SIGN_IDENTITY[sdk=macosx*]" = "3rd Party Mac Developer Application";
				CODE_SIGN_STYLE = Manual;
				COMBINE_HIDPI_IMAGES = YES;
				CURRENT_PROJECT_VERSION = 2;
				DEAD_CODE_STRIPPING = YES;
				DEVELOPMENT_ASSET_PATHS = "\"Vocaltale/Preview Content\"";
				DEVELOPMENT_TEAM = "";
				"DEVELOPMENT_TEAM[sdk=macosx*]" = XU86G2TH62;
				ENABLE_PREVIEWS = YES;
				FRAMEWORK_SEARCH_PATHS = (
					"$(inherited)",
					"$(PROJECT_DIR)/Frameworks",
				);
				GENERATE_INFOPLIST_FILE = YES;
				INFOPLIST_FILE = Vocaltale/Info.plist;
				INFOPLIST_KEY_CFBundleDisplayName = Vocaltale;
				INFOPLIST_KEY_LSApplicationCategoryType = "public.app-category.music";
				INFOPLIST_KEY_NSHumanReadableCopyright = "2021-2023, Vocaltale Ltd.";
				LD_RUNPATH_SEARCH_PATHS = (
					"$(inherited)",
					"@executable_path/../Frameworks",
				);
				MACOSX_DEPLOYMENT_TARGET = 13.0;
				MARKETING_VERSION = 1.0.0;
				PRODUCT_BUNDLE_IDENTIFIER = com.vocaltale.iOS.Vocaltale;
				PRODUCT_NAME = "$(TARGET_NAME)";
				PROVISIONING_PROFILE_SPECIFIER = "";
				"PROVISIONING_PROFILE_SPECIFIER[sdk=macosx*]" = "Vocaltale (macOS)";
				SWIFT_EMIT_LOC_STRINGS = YES;
				SWIFT_VERSION = 5.0;
			};
			name = Release;
		};
		2C06BC4228DD46A000FDBE28 /* Debug */ = {
			isa = XCBuildConfiguration;
			buildSettings = {
				ALWAYS_EMBED_SWIFT_STANDARD_LIBRARIES = YES;
				BUNDLE_LOADER = "$(TEST_HOST)";
				CODE_SIGN_STYLE = Automatic;
				CURRENT_PROJECT_VERSION = 1;
				DEAD_CODE_STRIPPING = YES;
				GENERATE_INFOPLIST_FILE = YES;
				MACOSX_DEPLOYMENT_TARGET = 13.0;
				MARKETING_VERSION = 1.0;
				PRODUCT_BUNDLE_IDENTIFIER = com.vocaltale.macOS.VocaltaleTests;
				PRODUCT_NAME = "$(TARGET_NAME)";
				SWIFT_EMIT_LOC_STRINGS = NO;
				SWIFT_VERSION = 5.0;
				TEST_HOST = "$(BUILT_PRODUCTS_DIR)/Vocaltale.app/$(BUNDLE_EXECUTABLE_FOLDER_PATH)/Vocaltale";
			};
			name = Debug;
		};
		2C06BC4328DD46A000FDBE28 /* Release */ = {
			isa = XCBuildConfiguration;
			buildSettings = {
				ALWAYS_EMBED_SWIFT_STANDARD_LIBRARIES = YES;
				BUNDLE_LOADER = "$(TEST_HOST)";
				CODE_SIGN_STYLE = Automatic;
				CURRENT_PROJECT_VERSION = 1;
				DEAD_CODE_STRIPPING = YES;
				GENERATE_INFOPLIST_FILE = YES;
				MACOSX_DEPLOYMENT_TARGET = 13.0;
				MARKETING_VERSION = 1.0;
				PRODUCT_BUNDLE_IDENTIFIER = com.vocaltale.macOS.VocaltaleTests;
				PRODUCT_NAME = "$(TARGET_NAME)";
				SWIFT_EMIT_LOC_STRINGS = NO;
				SWIFT_VERSION = 5.0;
				TEST_HOST = "$(BUILT_PRODUCTS_DIR)/Vocaltale.app/$(BUNDLE_EXECUTABLE_FOLDER_PATH)/Vocaltale";
			};
			name = Release;
		};
		2C06BC4528DD46A000FDBE28 /* Debug */ = {
			isa = XCBuildConfiguration;
			buildSettings = {
				ALWAYS_EMBED_SWIFT_STANDARD_LIBRARIES = YES;
				CODE_SIGN_STYLE = Automatic;
				CURRENT_PROJECT_VERSION = 1;
				DEAD_CODE_STRIPPING = YES;
				GENERATE_INFOPLIST_FILE = YES;
				MARKETING_VERSION = 1.0;
				PRODUCT_BUNDLE_IDENTIFIER = com.vocaltale.macOS.VocaltaleUITests;
				PRODUCT_NAME = "$(TARGET_NAME)";
				SWIFT_EMIT_LOC_STRINGS = NO;
				SWIFT_VERSION = 5.0;
				TEST_TARGET_NAME = Vocaltale;
			};
			name = Debug;
		};
		2C06BC4628DD46A000FDBE28 /* Release */ = {
			isa = XCBuildConfiguration;
			buildSettings = {
				ALWAYS_EMBED_SWIFT_STANDARD_LIBRARIES = YES;
				CODE_SIGN_STYLE = Automatic;
				CURRENT_PROJECT_VERSION = 1;
				DEAD_CODE_STRIPPING = YES;
				GENERATE_INFOPLIST_FILE = YES;
				MARKETING_VERSION = 1.0;
				PRODUCT_BUNDLE_IDENTIFIER = com.vocaltale.macOS.VocaltaleUITests;
				PRODUCT_NAME = "$(TARGET_NAME)";
				SWIFT_EMIT_LOC_STRINGS = NO;
				SWIFT_VERSION = 5.0;
				TEST_TARGET_NAME = Vocaltale;
			};
			name = Release;
		};
/* End XCBuildConfiguration section */

/* Begin XCConfigurationList section */
		2C06BC1428DD469E00FDBE28 /* Build configuration list for PBXProject "Vocaltale" */ = {
			isa = XCConfigurationList;
			buildConfigurations = (
				2C06BC3C28DD46A000FDBE28 /* Debug */,
				2C06BC3D28DD46A000FDBE28 /* Release */,
			);
			defaultConfigurationIsVisible = 0;
			defaultConfigurationName = Release;
		};
		2C06BC3E28DD46A000FDBE28 /* Build configuration list for PBXNativeTarget "Vocaltale" */ = {
			isa = XCConfigurationList;
			buildConfigurations = (
				2C06BC3F28DD46A000FDBE28 /* Debug */,
				2C06BC4028DD46A000FDBE28 /* Release */,
			);
			defaultConfigurationIsVisible = 0;
			defaultConfigurationName = Release;
		};
		2C06BC4128DD46A000FDBE28 /* Build configuration list for PBXNativeTarget "VocaltaleTests" */ = {
			isa = XCConfigurationList;
			buildConfigurations = (
				2C06BC4228DD46A000FDBE28 /* Debug */,
				2C06BC4328DD46A000FDBE28 /* Release */,
			);
			defaultConfigurationIsVisible = 0;
			defaultConfigurationName = Release;
		};
		2C06BC4428DD46A000FDBE28 /* Build configuration list for PBXNativeTarget "VocaltaleUITests" */ = {
			isa = XCConfigurationList;
			buildConfigurations = (
				2C06BC4528DD46A000FDBE28 /* Debug */,
				2C06BC4628DD46A000FDBE28 /* Release */,
			);
			defaultConfigurationIsVisible = 0;
			defaultConfigurationName = Release;
		};
/* End XCConfigurationList section */

/* Begin XCRemoteSwiftPackageReference section */
		2CF0A16428E2A6380030999B /* XCRemoteSwiftPackageReference "sql-kit" */ = {
			isa = XCRemoteSwiftPackageReference;
			repositoryURL = "https://github.com/vapor/sql-kit.git";
			requirement = {
				kind = upToNextMajorVersion;
				minimumVersion = 3.0.0;
			};
		};
		2CF0A19628E30D440030999B /* XCRemoteSwiftPackageReference "sqlite-kit" */ = {
			isa = XCRemoteSwiftPackageReference;
			repositoryURL = "https://github.com/vapor/sqlite-kit";
			requirement = {
				kind = upToNextMajorVersion;
				minimumVersion = 4.0.0;
			};
		};
		2CF0A19928E310C30030999B /* XCRemoteSwiftPackageReference "swift-nio" */ = {
			isa = XCRemoteSwiftPackageReference;
			repositoryURL = "https://github.com/apple/swift-nio.git";
			requirement = {
				kind = upToNextMajorVersion;
				minimumVersion = 2.42.0;
			};
		};
/* End XCRemoteSwiftPackageReference section */

/* Begin XCSwiftPackageProductDependency section */
		2CF0A16528E2A6380030999B /* SQLKit */ = {
			isa = XCSwiftPackageProductDependency;
			package = 2CF0A16428E2A6380030999B /* XCRemoteSwiftPackageReference "sql-kit" */;
			productName = SQLKit;
		};
		2CF0A19728E30D440030999B /* SQLiteKit */ = {
			isa = XCSwiftPackageProductDependency;
			package = 2CF0A19628E30D440030999B /* XCRemoteSwiftPackageReference "sqlite-kit" */;
			productName = SQLiteKit;
		};
		2CF0A19A28E310C30030999B /* NIO */ = {
			isa = XCSwiftPackageProductDependency;
			package = 2CF0A19928E310C30030999B /* XCRemoteSwiftPackageReference "swift-nio" */;
			productName = NIO;
		};
		2CF0A19C28E310C30030999B /* NIOCore */ = {
			isa = XCSwiftPackageProductDependency;
			package = 2CF0A19928E310C30030999B /* XCRemoteSwiftPackageReference "swift-nio" */;
			productName = NIOCore;
		};
		2CF0A19E28E310C30030999B /* NIOEmbedded */ = {
			isa = XCSwiftPackageProductDependency;
			package = 2CF0A19928E310C30030999B /* XCRemoteSwiftPackageReference "swift-nio" */;
			productName = NIOEmbedded;
		};
/* End XCSwiftPackageProductDependency section */
	};
	rootObject = 2C06BC1128DD469E00FDBE28 /* Project object */;
}
